
Microsoft Visual Studio Solution File, Format Version 12.00
# Visual Studio 2013
VisualStudioVersion = 12.0.21005.1
MinimumVisualStudioVersion = 10.0.40219.1
Project("{8BC9CEB8-8B4A-11D0-8D11-00A0C91BC942}") = "JPEGParser", "JPEGParser\JPEGParser.vcxproj", "{377AD290-84DF-4C06-91A0-7C7F0775BE05}"
EndProject
Project("{8BC9CEB8-8B4A-11D0-8D11-00A0C91BC942}") = "libjpegparser", "libjpegparser\libjpegparser.vcxproj", "{E8170426-E848-4085-AC4B-877B2B9654CD}"
EndProject
Project("{8BC9CEB8-8B4A-11D0-8D11-00A0C91BC942}") = "libcommon", "libcommon\libcommon.vcxproj", "{67DD6B84-8838-438E-A59F-55E1C1DC0173}"
EndProject
Global
	GlobalSection(SolutionConfigurationPlatforms) = preSolution
		Debug|Win32 = Debug|Win32
		Release|Win32 = Release|Win32
	EndGlobalSection
	GlobalSection(ProjectConfigurationPlatforms) = postSolution
		{377AD290-84DF-4C06-91A0-7C7F0775BE05}.Debug|Win32.ActiveCfg = Debug|Win32
		{377AD290-84DF-4C06-91A0-7C7F0775BE05}.Debug|Win32.Build.0 = Debug|Win32
		{377AD290-84DF-4C06-91A0-7C7F0775BE05}.Release|Win32.ActiveCfg = Release|Win32
		{377AD290-84DF-4C06-91A0-7C7F0775BE05}.Release|Win32.Build.0 = Release|Win32
		{E8170426-E848-4085-AC4B-877B2B9654CD}.Debug|Win32.ActiveCfg = Debug|Win32
		{E8170426-E848-4085-AC4B-877B2B9654CD}.Debug|Win32.Build.0 = Debug|Win32
		{E8170426-E848-4085-AC4B-877B2B9654CD}.Release|Win32.ActiveCfg = Release|Win32
		{E8170426-E848-4085-AC4B-877B2B9654CD}.Release|Win32.Build.0 = Release|Win32
		{67DD6B84-8838-438E-A59F-55E1C1DC0173}.Debug|Win32.ActiveCfg = Debug|Win32
		{67DD6B84-8838-438E-A59F-55E1C1DC0173}.Debug|Win32.Build.0 = Debug|Win32
		{67DD6B84-8838-438E-A59F-55E1C1DC0173}.Release|Win32.ActiveCfg = Release|Win32
		{67DD6B84-8838-438E-A59F-55E1C1DC0173}.Release|Win32.Build.0 = Release|Win32
	EndGlobalSection
	GlobalSection(SolutionProperties) = preSolution
		HideSolutionNode = FALSE
	EndGlobalSection
EndGlobal
